
Microsoft Visual Studio Solution File, Format Version 12.00
# Visual Studio 15
VisualStudioVersion = 15.0.28307.136
MinimumVisualStudioVersion = 10.0.40219.1
Project("{9A19103F-16F7-4668-BE54-9A1E7A4F7556}") = "signalr.producer", "signalr.producer\signalr.producer.csproj", "{DE2F1780-6088-4818-85E6-7DD3F5CC653E}"
EndProject
Global
	GlobalSection(SolutionConfigurationPlatforms) = preSolution
		Debug|Any CPU = Debug|Any CPU
		Release|Any CPU = Release|Any CPU
	EndGlobalSection
	GlobalSection(ProjectConfigurationPlatforms) = postSolution
		{DE2F1780-6088-4818-85E6-7DD3F5CC653E}.Debug|Any CPU.ActiveCfg = Debug|Any CPU
		{DE2F1780-6088-4818-85E6-7DD3F5CC653E}.Debug|Any CPU.Build.0 = Debug|Any CPU
		{DE2F1780-6088-4818-85E6-7DD3F5CC653E}.Release|Any CPU.ActiveCfg = Release|Any CPU
		{DE2F1780-6088-4818-85E6-7DD3F5CC653E}.Release|Any CPU.Build.0 = Release|Any CPU
	EndGlobalSection
	GlobalSection(SolutionProperties) = preSolution
		HideSolutionNode = FALSE
	EndGlobalSection
	GlobalSection(ExtensibilityGlobals) = postSolution
		SolutionGuid = {EDD68337-8EA7-440F-B6EC-A41B67207F65}
	EndGlobalSection
EndGlobal
